
Microsoft Visual Studio Solution File, Format Version 12.00
# Visual Studio Version 16
VisualStudioVersion = 16.0.28803.352
MinimumVisualStudioVersion = 10.0.40219.1
Project("{FAE04EC0-301F-11D3-BF4B-00C04F79EFBC}") = "Rhythm", "Rhythm.csproj", "{7F735001-DD82-4F64-93D8-A8AB34409A93}"
EndProject
Global
	GlobalSection(SolutionConfigurationPlatforms) = preSolution
		Debug|Any CPU = Debug|Any CPU
		Release|Any CPU = Release|Any CPU
	EndGlobalSection
	GlobalSection(ProjectConfigurationPlatforms) = postSolution
		{7F735001-DD82-4F64-93D8-A8AB34409A93}.Debug|Any CPU.ActiveCfg = Debug|Any CPU
		{7F735001-DD82-4F64-93D8-A8AB34409A93}.Debug|Any CPU.Build.0 = Debug|Any CPU
		{7F735001-DD82-4F64-93D8-A8AB34409A93}.Release|Any CPU.ActiveCfg = Release|Any CPU
		{7F735001-DD82-4F64-93D8-A8AB34409A93}.Release|Any CPU.Build.0 = Release|Any CPU
	EndGlobalSection
	GlobalSection(SolutionProperties) = preSolution
		HideSolutionNode = FALSE
	EndGlobalSection
	GlobalSection(ExtensibilityGlobals) = postSolution
		SolutionGuid = {A496A467-D05E-4A1D-A103-D7383475C7DA}
	EndGlobalSection
EndGlobal
